# This file is automatically @generated by Poetry 2.1.3 and should not be changed by hand.

[[package]]
name = "erp-shared-lib"
version = "0.1.0"
description = "Shared Pydantic structures"
optional = false
python-versions = "^3.10"
groups = ["main"]
files = []
develop = true

[package.source]
type = "directory"
url = "../../shared_lib"

[metadata]
lock-version = "2.1"
python-versions = "^3.10"
content-hash = "63f0ba9ad08fb5458f57a3b826e35d6ca61f2e8ee10b51cbced4f101c5b105e9"
